
Microsoft Visual Studio Solution File, Format Version 12.00
# Visual Studio 14
VisualStudioVersion = 14.0.25420.1
MinimumVisualStudioVersion = 10.0.40219.1
Project("{FAE04EC0-301F-11D3-BF4B-00C04F79EFBC}") = "BookCatalog.Portal", "BookCatalog.Portal\BookCatalog.Portal.csproj", "{B1878750-37F1-4BC7-AD89-A82361683D38}"
EndProject
Project("{00D1A9C2-B5F0-4AF3-8072-F6C62B433612}") = "BookCatalog.Database", "BookCatalog.Database\BookCatalog.Database.sqlproj", "{5F484D3A-5068-4ED7-B8E4-9E5BD93FC006}"
EndProject
Project("{FAE04EC0-301F-11D3-BF4B-00C04F79EFBC}") = "BookCatalog.Data.Model", "BookCatalog.Data.Model\BookCatalog.Data.Model.csproj", "{2EF04CD5-0D67-4BBD-8588-21E3837DAEFD}"
EndProject
Project("{FAE04EC0-301F-11D3-BF4B-00C04F79EFBC}") = "BookCatalog.Skeleton", "BookCatalog.Skeleton\BookCatalog.Skeleton.csproj", "{A04CC9E0-BD52-4066-B285-EC387EDCE30D}"
EndProject
Project("{FAE04EC0-301F-11D3-BF4B-00C04F79EFBC}") = "BookCatalog.Data.Provider", "BookCatalog.Data.Provider\BookCatalog.Data.Provider.csproj", "{88631719-30DA-43D3-ACBD-1B698779C794}"
EndProject
Project("{FAE04EC0-301F-11D3-BF4B-00C04F79EFBC}") = "BookCatalog.Resolution", "BookCatalog.Resolution\BookCatalog.Resolution.csproj", "{29A35125-C181-4119-A72D-527466B67360}"
EndProject
Project("{FAE04EC0-301F-11D3-BF4B-00C04F79EFBC}") = "BookCatalog.View.Model", "BookCatalog.View.Model\BookCatalog.View.Model.csproj", "{E8D24B51-FBE7-40D4-8D33-7CE6B80104B7}"
EndProject
Project("{FAE04EC0-301F-11D3-BF4B-00C04F79EFBC}") = "BookCatalog.View.Provider", "BookCatalog.View.Provider\BookCatalog.View.Provider.csproj", "{D76A1183-B409-4B08-A34D-75E18F0917CB}"
EndProject
Global
	GlobalSection(SolutionConfigurationPlatforms) = preSolution
		Debug|Any CPU = Debug|Any CPU
		Release|Any CPU = Release|Any CPU
	EndGlobalSection
	GlobalSection(ProjectConfigurationPlatforms) = postSolution
		{B1878750-37F1-4BC7-AD89-A82361683D38}.Debug|Any CPU.ActiveCfg = Debug|Any CPU
		{B1878750-37F1-4BC7-AD89-A82361683D38}.Debug|Any CPU.Build.0 = Debug|Any CPU
		{B1878750-37F1-4BC7-AD89-A82361683D38}.Release|Any CPU.ActiveCfg = Release|Any CPU
		{B1878750-37F1-4BC7-AD89-A82361683D38}.Release|Any CPU.Build.0 = Release|Any CPU
		{5F484D3A-5068-4ED7-B8E4-9E5BD93FC006}.Debug|Any CPU.ActiveCfg = Debug|Any CPU
		{5F484D3A-5068-4ED7-B8E4-9E5BD93FC006}.Debug|Any CPU.Build.0 = Debug|Any CPU
		{5F484D3A-5068-4ED7-B8E4-9E5BD93FC006}.Debug|Any CPU.Deploy.0 = Debug|Any CPU
		{5F484D3A-5068-4ED7-B8E4-9E5BD93FC006}.Release|Any CPU.ActiveCfg = Release|Any CPU
		{5F484D3A-5068-4ED7-B8E4-9E5BD93FC006}.Release|Any CPU.Build.0 = Release|Any CPU
		{5F484D3A-5068-4ED7-B8E4-9E5BD93FC006}.Release|Any CPU.Deploy.0 = Release|Any CPU
		{2EF04CD5-0D67-4BBD-8588-21E3837DAEFD}.Debug|Any CPU.ActiveCfg = Debug|Any CPU
		{2EF04CD5-0D67-4BBD-8588-21E3837DAEFD}.Debug|Any CPU.Build.0 = Debug|Any CPU
		{2EF04CD5-0D67-4BBD-8588-21E3837DAEFD}.Release|Any CPU.ActiveCfg = Release|Any CPU
		{2EF04CD5-0D67-4BBD-8588-21E3837DAEFD}.Release|Any CPU.Build.0 = Release|Any CPU
		{A04CC9E0-BD52-4066-B285-EC387EDCE30D}.Debug|Any CPU.ActiveCfg = Debug|Any CPU
		{A04CC9E0-BD52-4066-B285-EC387EDCE30D}.Debug|Any CPU.Build.0 = Debug|Any CPU
		{A04CC9E0-BD52-4066-B285-EC387EDCE30D}.Release|Any CPU.ActiveCfg = Release|Any CPU
		{A04CC9E0-BD52-4066-B285-EC387EDCE30D}.Release|Any CPU.Build.0 = Release|Any CPU
		{88631719-30DA-43D3-ACBD-1B698779C794}.Debug|Any CPU.ActiveCfg = Debug|Any CPU
		{88631719-30DA-43D3-ACBD-1B698779C794}.Debug|Any CPU.Build.0 = Debug|Any CPU
		{88631719-30DA-43D3-ACBD-1B698779C794}.Release|Any CPU.ActiveCfg = Release|Any CPU
		{88631719-30DA-43D3-ACBD-1B698779C794}.Release|Any CPU.Build.0 = Release|Any CPU
		{29A35125-C181-4119-A72D-527466B67360}.Debug|Any CPU.ActiveCfg = Debug|Any CPU
		{29A35125-C181-4119-A72D-527466B67360}.Debug|Any CPU.Build.0 = Debug|Any CPU
		{29A35125-C181-4119-A72D-527466B67360}.Release|Any CPU.ActiveCfg = Release|Any CPU
		{29A35125-C181-4119-A72D-527466B67360}.Release|Any CPU.Build.0 = Release|Any CPU
		{E8D24B51-FBE7-40D4-8D33-7CE6B80104B7}.Debug|Any CPU.ActiveCfg = Debug|Any CPU
		{E8D24B51-FBE7-40D4-8D33-7CE6B80104B7}.Debug|Any CPU.Build.0 = Debug|Any CPU
		{E8D24B51-FBE7-40D4-8D33-7CE6B80104B7}.Release|Any CPU.ActiveCfg = Release|Any CPU
		{E8D24B51-FBE7-40D4-8D33-7CE6B80104B7}.Release|Any CPU.Build.0 = Release|Any CPU
		{D76A1183-B409-4B08-A34D-75E18F0917CB}.Debug|Any CPU.ActiveCfg = Debug|Any CPU
		{D76A1183-B409-4B08-A34D-75E18F0917CB}.Debug|Any CPU.Build.0 = Debug|Any CPU
		{D76A1183-B409-4B08-A34D-75E18F0917CB}.Release|Any CPU.ActiveCfg = Release|Any CPU
		{D76A1183-B409-4B08-A34D-75E18F0917CB}.Release|Any CPU.Build.0 = Release|Any CPU
	EndGlobalSection
	GlobalSection(SolutionProperties) = preSolution
		HideSolutionNode = FALSE
	EndGlobalSection
EndGlobal
